// !$*UTF8*$!
{
	archiveVersion = 1;
	classes = {
	};
	objectVersion = 46;
	objects = {

/* Begin PBXBuildFile section */
		659A5D1018FB151700419012 /* GASocialTableViewController.m in Sources */ = {isa = PBXBuildFile; fileRef = 659A5D0F18FB151700419012 /* GASocialTableViewController.m */; };
		659A5D1618FB165100419012 /* GAWebviewController.m in Sources */ = {isa = PBXBuildFile; fileRef = 659A5D1518FB165100419012 /* GAWebviewController.m */; };
		659A5D3118FB393E00419012 /* AFHTTPRequestOperation.m in Sources */ = {isa = PBXBuildFile; fileRef = 659A5D1F18FB393E00419012 /* AFHTTPRequestOperation.m */; };
		659A5D3218FB393E00419012 /* AFHTTPRequestOperationManager.m in Sources */ = {isa = PBXBuildFile; fileRef = 659A5D2118FB393E00419012 /* AFHTTPRequestOperationManager.m */; };
		659A5D3318FB393E00419012 /* AFHTTPSessionManager.m in Sources */ = {isa = PBXBuildFile; fileRef = 659A5D2318FB393E00419012 /* AFHTTPSessionManager.m */; };
		659A5D3418FB393E00419012 /* AFNetworkReachabilityManager.m in Sources */ = {isa = PBXBuildFile; fileRef = 659A5D2618FB393E00419012 /* AFNetworkReachabilityManager.m */; };
		659A5D3518FB393E00419012 /* AFSecurityPolicy.m in Sources */ = {isa = PBXBuildFile; fileRef = 659A5D2818FB393E00419012 /* AFSecurityPolicy.m */; };
		659A5D3618FB393E00419012 /* AFURLConnectionOperation.m in Sources */ = {isa = PBXBuildFile; fileRef = 659A5D2A18FB393E00419012 /* AFURLConnectionOperation.m */; };
		659A5D3718FB393E00419012 /* AFURLRequestSerialization.m in Sources */ = {isa = PBXBuildFile; fileRef = 659A5D2C18FB393E00419012 /* AFURLRequestSerialization.m */; };
		659A5D3818FB393E00419012 /* AFURLResponseSerialization.m in Sources */ = {isa = PBXBuildFile; fileRef = 659A5D2E18FB393E00419012 /* AFURLResponseSerialization.m */; };
		659A5D3918FB393E00419012 /* AFURLSessionManager.m in Sources */ = {isa = PBXBuildFile; fileRef = 659A5D3018FB393E00419012 /* AFURLSessionManager.m */; };
		659A5D3C18FB444100419012 /* GAProjectObject.m in Sources */ = {isa = PBXBuildFile; fileRef = 659A5D3B18FB444100419012 /* GAProjectObject.m */; };
		659A5D4118FB45A400419012 /* GAProjectsViewController.m in Sources */ = {isa = PBXBuildFile; fileRef = 659A5D4018FB45A400419012 /* GAProjectsViewController.m */; };
		659A5D4418FB46B200419012 /* GAProjectDetailsViewController.m in Sources */ = {isa = PBXBuildFile; fileRef = 659A5D4318FB46B200419012 /* GAProjectDetailsViewController.m */; };
		65C5C46718F9BF050002D569 /* Foundation.framework in Frameworks */ = {isa = PBXBuildFile; fileRef = 65C5C46618F9BF050002D569 /* Foundation.framework */; };
		65C5C46918F9BF050002D569 /* CoreGraphics.framework in Frameworks */ = {isa = PBXBuildFile; fileRef = 65C5C46818F9BF050002D569 /* CoreGraphics.framework */; };
		65C5C46B18F9BF050002D569 /* UIKit.framework in Frameworks */ = {isa = PBXBuildFile; fileRef = 65C5C46A18F9BF050002D569 /* UIKit.framework */; };
		65C5C47118F9BF050002D569 /* InfoPlist.strings in Resources */ = {isa = PBXBuildFile; fileRef = 65C5C46F18F9BF050002D569 /* InfoPlist.strings */; };
		65C5C47318F9BF050002D569 /* main.m in Sources */ = {isa = PBXBuildFile; fileRef = 65C5C47218F9BF050002D569 /* main.m */; };
		65C5C47718F9BF050002D569 /* gaAppDelegate.m in Sources */ = {isa = PBXBuildFile; fileRef = 65C5C47618F9BF050002D569 /* gaAppDelegate.m */; };
		65C5C47A18F9BF050002D569 /* Main.storyboard in Resources */ = {isa = PBXBuildFile; fileRef = 65C5C47818F9BF050002D569 /* Main.storyboard */; };
		65C5C47F18F9BF050002D569 /* Images.xcassets in Resources */ = {isa = PBXBuildFile; fileRef = 65C5C47E18F9BF050002D569 /* Images.xcassets */; };
		65C5C48618F9BF050002D569 /* XCTest.framework in Frameworks */ = {isa = PBXBuildFile; fileRef = 65C5C48518F9BF050002D569 /* XCTest.framework */; };
		65C5C48718F9BF050002D569 /* Foundation.framework in Frameworks */ = {isa = PBXBuildFile; fileRef = 65C5C46618F9BF050002D569 /* Foundation.framework */; };
		65C5C48818F9BF050002D569 /* UIKit.framework in Frameworks */ = {isa = PBXBuildFile; fileRef = 65C5C46A18F9BF050002D569 /* UIKit.framework */; };
		65C5C49018F9BF050002D569 /* InfoPlist.strings in Resources */ = {isa = PBXBuildFile; fileRef = 65C5C48E18F9BF050002D569 /* InfoPlist.strings */; };
		65C5C49218F9BF050002D569 /* gaportfolioTests.m in Sources */ = {isa = PBXBuildFile; fileRef = 65C5C49118F9BF050002D569 /* gaportfolioTests.m */; };
		65C5C49D18F9E2E10002D569 /* GAAboutMeViewController.m in Sources */ = {isa = PBXBuildFile; fileRef = 65C5C49C18F9E2E10002D569 /* GAAboutMeViewController.m */; };
/* End PBXBuildFile section */

/* Begin PBXContainerItemProxy section */
		65C5C48918F9BF050002D569 /* PBXContainerItemProxy */ = {
			isa = PBXContainerItemProxy;
			containerPortal = 65C5C45B18F9BF050002D569 /* Project object */;
			proxyType = 1;
			remoteGlobalIDString = 65C5C46218F9BF050002D569;
			remoteInfo = gaportfolio;
		};
/* End PBXContainerItemProxy section */

/* Begin PBXFileReference section */
		659A5D0E18FB151700419012 /* GASocialTableViewController.h */ = {isa = PBXFileReference; fileEncoding = 4; lastKnownFileType = sourcecode.c.h; name = GASocialTableViewController.h; path = ../GASocialTableViewController.h; sourceTree = "<group>"; };
		659A5D0F18FB151700419012 /* GASocialTableViewController.m */ = {isa = PBXFileReference; fileEncoding = 4; lastKnownFileType = sourcecode.c.objc; name = GASocialTableViewController.m; path = ../GASocialTableViewController.m; sourceTree = "<group>"; };
		659A5D1418FB165100419012 /* GAWebviewController.h */ = {isa = PBXFileReference; fileEncoding = 4; lastKnownFileType = sourcecode.c.h; path = GAWebviewController.h; sourceTree = "<group>"; };
		659A5D1518FB165100419012 /* GAWebviewController.m */ = {isa = PBXFileReference; fileEncoding = 4; lastKnownFileType = sourcecode.c.objc; path = GAWebviewController.m; sourceTree = "<group>"; };
		659A5D1E18FB393E00419012 /* AFHTTPRequestOperation.h */ = {isa = PBXFileReference; fileEncoding = 4; lastKnownFileType = sourcecode.c.h; path = AFHTTPRequestOperation.h; sourceTree = "<group>"; };
		659A5D1F18FB393E00419012 /* AFHTTPRequestOperation.m */ = {isa = PBXFileReference; fileEncoding = 4; lastKnownFileType = sourcecode.c.objc; path = AFHTTPRequestOperation.m; sourceTree = "<group>"; };
		659A5D2018FB393E00419012 /* AFHTTPRequestOperationManager.h */ = {isa = PBXFileReference; fileEncoding = 4; lastKnownFileType = sourcecode.c.h; path = AFHTTPRequestOperationManager.h; sourceTree = "<group>"; };
		659A5D2118FB393E00419012 /* AFHTTPRequestOperationManager.m */ = {isa = PBXFileReference; fileEncoding = 4; lastKnownFileType = sourcecode.c.objc; path = AFHTTPRequestOperationManager.m; sourceTree = "<group>"; };
		659A5D2218FB393E00419012 /* AFHTTPSessionManager.h */ = {isa = PBXFileReference; fileEncoding = 4; lastKnownFileType = sourcecode.c.h; path = AFHTTPSessionManager.h; sourceTree = "<group>"; };
		659A5D2318FB393E00419012 /* AFHTTPSessionManager.m */ = {isa = PBXFileReference; fileEncoding = 4; lastKnownFileType = sourcecode.c.objc; path = AFHTTPSessionManager.m; sourceTree = "<group>"; };
		659A5D2418FB393E00419012 /* AFNetworking.h */ = {isa = PBXFileReference; fileEncoding = 4; lastKnownFileType = sourcecode.c.h; path = AFNetworking.h; sourceTree = "<group>"; };
		659A5D2518FB393E00419012 /* AFNetworkReachabilityManager.h */ = {isa = PBXFileReference; fileEncoding = 4; lastKnownFileType = sourcecode.c.h; path = AFNetworkReachabilityManager.h; sourceTree = "<group>"; };
		659A5D2618FB393E00419012 /* AFNetworkReachabilityManager.m */ = {isa = PBXFileReference; fileEncoding = 4; lastKnownFileType = sourcecode.c.objc; path = AFNetworkReachabilityManager.m; sourceTree = "<group>"; };
		659A5D2718FB393E00419012 /* AFSecurityPolicy.h */ = {isa = PBXFileReference; fileEncoding = 4; lastKnownFileType = sourcecode.c.h; path = AFSecurityPolicy.h; sourceTree = "<group>"; };
		659A5D2818FB393E00419012 /* AFSecurityPolicy.m */ = {isa = PBXFileReference; fileEncoding = 4; lastKnownFileType = sourcecode.c.objc; path = AFSecurityPolicy.m; sourceTree = "<group>"; };
		659A5D2918FB393E00419012 /* AFURLConnectionOperation.h */ = {isa = PBXFileReference; fileEncoding = 4; lastKnownFileType = sourcecode.c.h; path = AFURLConnectionOperation.h; sourceTree = "<group>"; };
		659A5D2A18FB393E00419012 /* AFURLConnectionOperation.m */ = {isa = PBXFileReference; fileEncoding = 4; lastKnownFileType = sourcecode.c.objc; path = AFURLConnectionOperation.m; sourceTree = "<group>"; };
		659A5D2B18FB393E00419012 /* AFURLRequestSerialization.h */ = {isa = PBXFileReference; fileEncoding = 4; lastKnownFileType = sourcecode.c.h; path = AFURLRequestSerialization.h; sourceTree = "<group>"; };
		659A5D2C18FB393E00419012 /* AFURLRequestSerialization.m */ = {isa = PBXFileReference; fileEncoding = 4; lastKnownFileType = sourcecode.c.objc; path = AFURLRequestSerialization.m; sourceTree = "<group>"; };
		659A5D2D18FB393E00419012 /* AFURLResponseSerialization.h */ = {isa = PBXFileReference; fileEncoding = 4; lastKnownFileType = sourcecode.c.h; path = AFURLResponseSerialization.h; sourceTree = "<group>"; };
		659A5D2E18FB393E00419012 /* AFURLResponseSerialization.m */ = {isa = PBXFileReference; fileEncoding = 4; lastKnownFileType = sourcecode.c.objc; path = AFURLResponseSerialization.m; sourceTree = "<group>"; };
		659A5D2F18FB393E00419012 /* AFURLSessionManager.h */ = {isa = PBXFileReference; fileEncoding = 4; lastKnownFileType = sourcecode.c.h; path = AFURLSessionManager.h; sourceTree = "<group>"; };
		659A5D3018FB393E00419012 /* AFURLSessionManager.m */ = {isa = PBXFileReference; fileEncoding = 4; lastKnownFileType = sourcecode.c.objc; path = AFURLSessionManager.m; sourceTree = "<group>"; };
		659A5D3A18FB444100419012 /* GAProjectObject.h */ = {isa = PBXFileReference; fileEncoding = 4; lastKnownFileType = sourcecode.c.h; path = GAProjectObject.h; sourceTree = "<group>"; };
		659A5D3B18FB444100419012 /* GAProjectObject.m */ = {isa = PBXFileReference; fileEncoding = 4; lastKnownFileType = sourcecode.c.objc; path = GAProjectObject.m; sourceTree = "<group>"; };
		659A5D3F18FB45A400419012 /* GAProjectsViewController.h */ = {isa = PBXFileReference; fileEncoding = 4; lastKnownFileType = sourcecode.c.h; path = GAProjectsViewController.h; sourceTree = "<group>"; };
		659A5D4018FB45A400419012 /* GAProjectsViewController.m */ = {isa = PBXFileReference; fileEncoding = 4; lastKnownFileType = sourcecode.c.objc; path = GAProjectsViewController.m; sourceTree = "<group>"; };
		659A5D4218FB46B200419012 /* GAProjectDetailsViewController.h */ = {isa = PBXFileReference; fileEncoding = 4; lastKnownFileType = sourcecode.c.h; path = GAProjectDetailsViewController.h; sourceTree = "<group>"; };
		659A5D4318FB46B200419012 /* GAProjectDetailsViewController.m */ = {isa = PBXFileReference; fileEncoding = 4; lastKnownFileType = sourcecode.c.objc; path = GAProjectDetailsViewController.m; sourceTree = "<group>"; };
		65C5C46318F9BF050002D569 /* gaportfolio.app */ = {isa = PBXFileReference; explicitFileType = wrapper.application; includeInIndex = 0; path = gaportfolio.app; sourceTree = BUILT_PRODUCTS_DIR; };
		65C5C46618F9BF050002D569 /* Foundation.framework */ = {isa = PBXFileReference; lastKnownFileType = wrapper.framework; name = Foundation.framework; path = System/Library/Frameworks/Foundation.framework; sourceTree = SDKROOT; };
		65C5C46818F9BF050002D569 /* CoreGraphics.framework */ = {isa = PBXFileReference; lastKnownFileType = wrapper.framework; name = CoreGraphics.framework; path = System/Library/Frameworks/CoreGraphics.framework; sourceTree = SDKROOT; };
		65C5C46A18F9BF050002D569 /* UIKit.framework */ = {isa = PBXFileReference; lastKnownFileType = wrapper.framework; name = UIKit.framework; path = System/Library/Frameworks/UIKit.framework; sourceTree = SDKROOT; };
		65C5C46E18F9BF050002D569 /* gaportfolio-Info.plist */ = {isa = PBXFileReference; lastKnownFileType = text.plist.xml; path = "gaportfolio-Info.plist"; sourceTree = "<group>"; };
		65C5C47018F9BF050002D569 /* en */ = {isa = PBXFileReference; lastKnownFileType = text.plist.strings; name = en; path = en.lproj/InfoPlist.strings; sourceTree = "<group>"; };
		65C5C47218F9BF050002D569 /* main.m */ = {isa = PBXFileReference; lastKnownFileType = sourcecode.c.objc; path = main.m; sourceTree = "<group>"; };
		65C5C47418F9BF050002D569 /* gaportfolio-Prefix.pch */ = {isa = PBXFileReference; lastKnownFileType = sourcecode.c.h; path = "gaportfolio-Prefix.pch"; sourceTree = "<group>"; };
		65C5C47518F9BF050002D569 /* gaAppDelegate.h */ = {isa = PBXFileReference; lastKnownFileType = sourcecode.c.h; path = gaAppDelegate.h; sourceTree = "<group>"; };
		65C5C47618F9BF050002D569 /* gaAppDelegate.m */ = {isa = PBXFileReference; lastKnownFileType = sourcecode.c.objc; path = gaAppDelegate.m; sourceTree = "<group>"; };
		65C5C47918F9BF050002D569 /* Base */ = {isa = PBXFileReference; lastKnownFileType = file.storyboard; name = Base; path = Base.lproj/Main.storyboard; sourceTree = "<group>"; };
		65C5C47E18F9BF050002D569 /* Images.xcassets */ = {isa = PBXFileReference; lastKnownFileType = folder.assetcatalog; path = Images.xcassets; sourceTree = "<group>"; };
		65C5C48418F9BF050002D569 /* gaportfolioTests.xctest */ = {isa = PBXFileReference; explicitFileType = wrapper.cfbundle; includeInIndex = 0; path = gaportfolioTests.xctest; sourceTree = BUILT_PRODUCTS_DIR; };
		65C5C48518F9BF050002D569 /* XCTest.framework */ = {isa = PBXFileReference; lastKnownFileType = wrapper.framework; name = XCTest.framework; path = Library/Frameworks/XCTest.framework; sourceTree = DEVELOPER_DIR; };
		65C5C48D18F9BF050002D569 /* gaportfolioTests-Info.plist */ = {isa = PBXFileReference; lastKnownFileType = text.plist.xml; path = "gaportfolioTests-Info.plist"; sourceTree = "<group>"; };
		65C5C48F18F9BF050002D569 /* en */ = {isa = PBXFileReference; lastKnownFileType = text.plist.strings; name = en; path = en.lproj/InfoPlist.strings; sourceTree = "<group>"; };
		65C5C49118F9BF050002D569 /* gaportfolioTests.m */ = {isa = PBXFileReference; lastKnownFileType = sourcecode.c.objc; path = gaportfolioTests.m; sourceTree = "<group>"; };
		65C5C49B18F9E2E10002D569 /* GAAboutMeViewController.h */ = {isa = PBXFileReference; fileEncoding = 4; lastKnownFileType = sourcecode.c.h; path = GAAboutMeViewController.h; sourceTree = "<group>"; };
		65C5C49C18F9E2E10002D569 /* GAAboutMeViewController.m */ = {isa = PBXFileReference; fileEncoding = 4; lastKnownFileType = sourcecode.c.objc; path = GAAboutMeViewController.m; sourceTree = "<group>"; };
/* End PBXFileReference section */

/* Begin PBXFrameworksBuildPhase section */
		65C5C46018F9BF050002D569 /* Frameworks */ = {
			isa = PBXFrameworksBuildPhase;
			buildActionMask = 2147483647;
			files = (
				65C5C46918F9BF050002D569 /* CoreGraphics.framework in Frameworks */,
				65C5C46B18F9BF050002D569 /* UIKit.framework in Frameworks */,
				65C5C46718F9BF050002D569 /* Foundation.framework in Frameworks */,
			);
			runOnlyForDeploymentPostprocessing = 0;
		};
		65C5C48118F9BF050002D569 /* Frameworks */ = {
			isa = PBXFrameworksBuildPhase;
			buildActionMask = 2147483647;
			files = (
				65C5C48618F9BF050002D569 /* XCTest.framework in Frameworks */,
				65C5C48818F9BF050002D569 /* UIKit.framework in Frameworks */,
				65C5C48718F9BF050002D569 /* Foundation.framework in Frameworks */,
			);
			runOnlyForDeploymentPostprocessing = 0;
		};
/* End PBXFrameworksBuildPhase section */

/* Begin PBXGroup section */
		659A5D1D18FB393E00419012 /* AFNetworking */ = {
			isa = PBXGroup;
			children = (
				659A5D1E18FB393E00419012 /* AFHTTPRequestOperation.h */,
				659A5D1F18FB393E00419012 /* AFHTTPRequestOperation.m */,
				659A5D2018FB393E00419012 /* AFHTTPRequestOperationManager.h */,
				659A5D2118FB393E00419012 /* AFHTTPRequestOperationManager.m */,
				659A5D2218FB393E00419012 /* AFHTTPSessionManager.h */,
				659A5D2318FB393E00419012 /* AFHTTPSessionManager.m */,
				659A5D2418FB393E00419012 /* AFNetworking.h */,
				659A5D2518FB393E00419012 /* AFNetworkReachabilityManager.h */,
				659A5D2618FB393E00419012 /* AFNetworkReachabilityManager.m */,
				659A5D2718FB393E00419012 /* AFSecurityPolicy.h */,
				659A5D2818FB393E00419012 /* AFSecurityPolicy.m */,
				659A5D2918FB393E00419012 /* AFURLConnectionOperation.h */,
				659A5D2A18FB393E00419012 /* AFURLConnectionOperation.m */,
				659A5D2B18FB393E00419012 /* AFURLRequestSerialization.h */,
				659A5D2C18FB393E00419012 /* AFURLRequestSerialization.m */,
				659A5D2D18FB393E00419012 /* AFURLResponseSerialization.h */,
				659A5D2E18FB393E00419012 /* AFURLResponseSerialization.m */,
				659A5D2F18FB393E00419012 /* AFURLSessionManager.h */,
				659A5D3018FB393E00419012 /* AFURLSessionManager.m */,
			);
			path = AFNetworking;
			sourceTree = "<group>";
		};
		659A5D3D18FB445000419012 /* View Controllers */ = {
			isa = PBXGroup;
			children = (
				659A5D3F18FB45A400419012 /* GAProjectsViewController.h */,
				659A5D4018FB45A400419012 /* GAProjectsViewController.m */,
				659A5D0E18FB151700419012 /* GASocialTableViewController.h */,
				659A5D0F18FB151700419012 /* GASocialTableViewController.m */,
				65C5C49B18F9E2E10002D569 /* GAAboutMeViewController.h */,
				65C5C49C18F9E2E10002D569 /* GAAboutMeViewController.m */,
				659A5D1418FB165100419012 /* GAWebviewController.h */,
				659A5D1518FB165100419012 /* GAWebviewController.m */,
				659A5D4218FB46B200419012 /* GAProjectDetailsViewController.h */,
				659A5D4318FB46B200419012 /* GAProjectDetailsViewController.m */,
			);
			name = "View Controllers";
			sourceTree = "<group>";
		};
		659A5D3E18FB446C00419012 /* Model */ = {
			isa = PBXGroup;
			children = (
				659A5D3A18FB444100419012 /* GAProjectObject.h */,
				659A5D3B18FB444100419012 /* GAProjectObject.m */,
			);
			name = Model;
			sourceTree = "<group>";
		};
		65C5C45A18F9BF050002D569 = {
			isa = PBXGroup;
			children = (
				65C5C46C18F9BF050002D569 /* gaportfolio */,
				65C5C48B18F9BF050002D569 /* gaportfolioTests */,
				65C5C46518F9BF050002D569 /* Frameworks */,
				65C5C46418F9BF050002D569 /* Products */,
			);
			sourceTree = "<group>";
		};
		65C5C46418F9BF050002D569 /* Products */ = {
			isa = PBXGroup;
			children = (
				65C5C46318F9BF050002D569 /* gaportfolio.app */,
				65C5C48418F9BF050002D569 /* gaportfolioTests.xctest */,
			);
			name = Products;
			sourceTree = "<group>";
		};
		65C5C46518F9BF050002D569 /* Frameworks */ = {
			isa = PBXGroup;
			children = (
				65C5C46618F9BF050002D569 /* Foundation.framework */,
				65C5C46818F9BF050002D569 /* CoreGraphics.framework */,
				65C5C46A18F9BF050002D569 /* UIKit.framework */,
				65C5C48518F9BF050002D569 /* XCTest.framework */,
			);
			name = Frameworks;
			sourceTree = "<group>";
		};
		65C5C46C18F9BF050002D569 /* gaportfolio */ = {
			isa = PBXGroup;
			children = (
				65C5C47818F9BF050002D569 /* Main.storyboard */,
				659A5D3E18FB446C00419012 /* Model */,
				659A5D3D18FB445000419012 /* View Controllers */,
				65C5C47518F9BF050002D569 /* gaAppDelegate.h */,
				65C5C47618F9BF050002D569 /* gaAppDelegate.m */,
				65C5C47E18F9BF050002D569 /* Images.xcassets */,
				659A5D1D18FB393E00419012 /* AFNetworking */,
				65C5C46D18F9BF050002D569 /* Supporting Files */,
			);
			path = gaportfolio;
			sourceTree = "<group>";
		};
		65C5C46D18F9BF050002D569 /* Supporting Files */ = {
			isa = PBXGroup;
			children = (
				65C5C46E18F9BF050002D569 /* gaportfolio-Info.plist */,
				65C5C46F18F9BF050002D569 /* InfoPlist.strings */,
				65C5C47218F9BF050002D569 /* main.m */,
				65C5C47418F9BF050002D569 /* gaportfolio-Prefix.pch */,
			);
			name = "Supporting Files";
			sourceTree = "<group>";
		};
		65C5C48B18F9BF050002D569 /* gaportfolioTests */ = {
			isa = PBXGroup;
			children = (
				65C5C49118F9BF050002D569 /* gaportfolioTests.m */,
				65C5C48C18F9BF050002D569 /* Supporting Files */,
			);
			path = gaportfolioTests;
			sourceTree = "<group>";
		};
		65C5C48C18F9BF050002D569 /* Supporting Files */ = {
			isa = PBXGroup;
			children = (
				65C5C48D18F9BF050002D569 /* gaportfolioTests-Info.plist */,
				65C5C48E18F9BF050002D569 /* InfoPlist.strings */,
			);
			name = "Supporting Files";
			sourceTree = "<group>";
		};
/* End PBXGroup section */

/* Begin PBXNativeTarget section */
		65C5C46218F9BF050002D569 /* gaportfolio */ = {
			isa = PBXNativeTarget;
			buildConfigurationList = 65C5C49518F9BF050002D569 /* Build configuration list for PBXNativeTarget "gaportfolio" */;
			buildPhases = (
				65C5C45F18F9BF050002D569 /* Sources */,
				65C5C46018F9BF050002D569 /* Frameworks */,
				65C5C46118F9BF050002D569 /* Resources */,
			);
			buildRules = (
			);
			dependencies = (
			);
			name = gaportfolio;
			productName = gaportfolio;
			productReference = 65C5C46318F9BF050002D569 /* gaportfolio.app */;
			productType = "com.apple.product-type.application";
		};
		65C5C48318F9BF050002D569 /* gaportfolioTests */ = {
			isa = PBXNativeTarget;
			buildConfigurationList = 65C5C49818F9BF050002D569 /* Build configuration list for PBXNativeTarget "gaportfolioTests" */;
			buildPhases = (
				65C5C48018F9BF050002D569 /* Sources */,
				65C5C48118F9BF050002D569 /* Frameworks */,
				65C5C48218F9BF050002D569 /* Resources */,
			);
			buildRules = (
			);
			dependencies = (
				65C5C48A18F9BF050002D569 /* PBXTargetDependency */,
			);
			name = gaportfolioTests;
			productName = gaportfolioTests;
			productReference = 65C5C48418F9BF050002D569 /* gaportfolioTests.xctest */;
			productType = "com.apple.product-type.bundle.unit-test";
		};
/* End PBXNativeTarget section */

/* Begin PBXProject section */
		65C5C45B18F9BF050002D569 /* Project object */ = {
			isa = PBXProject;
			attributes = {
				CLASSPREFIX = ga;
				LastUpgradeCheck = 0510;
				ORGANIZATIONNAME = derekfidler.com;
				TargetAttributes = {
					65C5C48318F9BF050002D569 = {
						TestTargetID = 65C5C46218F9BF050002D569;
					};
				};
			};
			buildConfigurationList = 65C5C45E18F9BF050002D569 /* Build configuration list for PBXProject "gaportfolio" */;
			compatibilityVersion = "Xcode 3.2";
			developmentRegion = English;
			hasScannedForEncodings = 0;
			knownRegions = (
				en,
				Base,
			);
			mainGroup = 65C5C45A18F9BF050002D569;
			productRefGroup = 65C5C46418F9BF050002D569 /* Products */;
			projectDirPath = "";
			projectRoot = "";
			targets = (
				65C5C46218F9BF050002D569 /* gaportfolio */,
				65C5C48318F9BF050002D569 /* gaportfolioTests */,
			);
		};
/* End PBXProject section */

/* Begin PBXResourcesBuildPhase section */
		65C5C46118F9BF050002D569 /* Resources */ = {
			isa = PBXResourcesBuildPhase;
			buildActionMask = 2147483647;
			files = (
				65C5C47F18F9BF050002D569 /* Images.xcassets in Resources */,
				65C5C47118F9BF050002D569 /* InfoPlist.strings in Resources */,
				65C5C47A18F9BF050002D569 /* Main.storyboard in Resources */,
			);
			runOnlyForDeploymentPostprocessing = 0;
		};
		65C5C48218F9BF050002D569 /* Resources */ = {
			isa = PBXResourcesBuildPhase;
			buildActionMask = 2147483647;
			files = (
				65C5C49018F9BF050002D569 /* InfoPlist.strings in Resources */,
			);
			runOnlyForDeploymentPostprocessing = 0;
		};
/* End PBXResourcesBuildPhase section */

/* Begin PBXSourcesBuildPhase section */
		65C5C45F18F9BF050002D569 /* Sources */ = {
			isa = PBXSourcesBuildPhase;
			buildActionMask = 2147483647;
			files = (
				659A5D3618FB393E00419012 /* AFURLConnectionOperation.m in Sources */,
				659A5D3118FB393E00419012 /* AFHTTPRequestOperation.m in Sources */,
				659A5D3418FB393E00419012 /* AFNetworkReachabilityManager.m in Sources */,
				659A5D3918FB393E00419012 /* AFURLSessionManager.m in Sources */,
				659A5D3718FB393E00419012 /* AFURLRequestSerialization.m in Sources */,
				65C5C47718F9BF050002D569 /* gaAppDelegate.m in Sources */,
				659A5D4118FB45A400419012 /* GAProjectsViewController.m in Sources */,
				659A5D3818FB393E00419012 /* AFURLResponseSerialization.m in Sources */,
				659A5D3C18FB444100419012 /* GAProjectObject.m in Sources */,
				659A5D4418FB46B200419012 /* GAProjectDetailsViewController.m in Sources */,
				65C5C49D18F9E2E10002D569 /* GAAboutMeViewController.m in Sources */,
				659A5D1018FB151700419012 /* GASocialTableViewController.m in Sources */,
				659A5D3218FB393E00419012 /* AFHTTPRequestOperationManager.m in Sources */,
				659A5D3518FB393E00419012 /* AFSecurityPolicy.m in Sources */,
				659A5D1618FB165100419012 /* GAWebviewController.m in Sources */,
				65C5C47318F9BF050002D569 /* main.m in Sources */,
				659A5D3318FB393E00419012 /* AFHTTPSessionManager.m in Sources */,
			);
			runOnlyForDeploymentPostprocessing = 0;
		};
		65C5C48018F9BF050002D569 /* Sources */ = {
			isa = PBXSourcesBuildPhase;
			buildActionMask = 2147483647;
			files = (
				65C5C49218F9BF050002D569 /* gaportfolioTests.m in Sources */,
			);
			runOnlyForDeploymentPostprocessing = 0;
		};
/* End PBXSourcesBuildPhase section */

/* Begin PBXTargetDependency section */
		65C5C48A18F9BF050002D569 /* PBXTargetDependency */ = {
			isa = PBXTargetDependency;
			target = 65C5C46218F9BF050002D569 /* gaportfolio */;
			targetProxy = 65C5C48918F9BF050002D569 /* PBXContainerItemProxy */;
		};
/* End PBXTargetDependency section */

/* Begin PBXVariantGroup section */
		65C5C46F18F9BF050002D569 /* InfoPlist.strings */ = {
			isa = PBXVariantGroup;
			children = (
				65C5C47018F9BF050002D569 /* en */,
			);
			name = InfoPlist.strings;
			sourceTree = "<group>";
		};
		65C5C47818F9BF050002D569 /* Main.storyboard */ = {
			isa = PBXVariantGroup;
			children = (
				65C5C47918F9BF050002D569 /* Base */,
			);
			name = Main.storyboard;
			sourceTree = "<group>";
		};
		65C5C48E18F9BF050002D569 /* InfoPlist.strings */ = {
			isa = PBXVariantGroup;
			children = (
				65C5C48F18F9BF050002D569 /* en */,
			);
			name = InfoPlist.strings;
			sourceTree = "<group>";
		};
/* End PBXVariantGroup section */

/* Begin XCBuildConfiguration section */
		65C5C49318F9BF050002D569 /* Debug */ = {
			isa = XCBuildConfiguration;
			buildSettings = {
				ALWAYS_SEARCH_USER_PATHS = NO;
				CLANG_CXX_LANGUAGE_STANDARD = "gnu++0x";
				CLANG_CXX_LIBRARY = "libc++";
				CLANG_ENABLE_MODULES = YES;
				CLANG_ENABLE_OBJC_ARC = YES;
				CLANG_WARN_BOOL_CONVERSION = YES;
				CLANG_WARN_CONSTANT_CONVERSION = YES;
				CLANG_WARN_DIRECT_OBJC_ISA_USAGE = YES_ERROR;
				CLANG_WARN_EMPTY_BODY = YES;
				CLANG_WARN_ENUM_CONVERSION = YES;
				CLANG_WARN_INT_CONVERSION = YES;
				CLANG_WARN_OBJC_ROOT_CLASS = YES_ERROR;
				CLANG_WARN__DUPLICATE_METHOD_MATCH = YES;
				"CODE_SIGN_IDENTITY[sdk=iphoneos*]" = "iPhone Developer";
				COPY_PHASE_STRIP = NO;
				GCC_C_LANGUAGE_STANDARD = gnu99;
				GCC_DYNAMIC_NO_PIC = NO;
				GCC_OPTIMIZATION_LEVEL = 0;
				GCC_PREPROCESSOR_DEFINITIONS = (
					"DEBUG=1",
					"$(inherited)",
				);
				GCC_SYMBOLS_PRIVATE_EXTERN = NO;
				GCC_WARN_64_TO_32_BIT_CONVERSION = YES;
				GCC_WARN_ABOUT_RETURN_TYPE = YES_ERROR;
				GCC_WARN_UNDECLARED_SELECTOR = YES;
				GCC_WARN_UNINITIALIZED_AUTOS = YES_AGGRESSIVE;
				GCC_WARN_UNUSED_FUNCTION = YES;
				GCC_WARN_UNUSED_VARIABLE = YES;
				IPHONEOS_DEPLOYMENT_TARGET = 7.1;
				ONLY_ACTIVE_ARCH = YES;
				SDKROOT = iphoneos;
			};
			name = Debug;
		};
		65C5C49418F9BF050002D569 /* Release */ = {
			isa = XCBuildConfiguration;
			buildSettings = {
				ALWAYS_SEARCH_USER_PATHS = NO;
				CLANG_CXX_LANGUAGE_STANDARD = "gnu++0x";
				CLANG_CXX_LIBRARY = "libc++";
				CLANG_ENABLE_MODULES = YES;
				CLANG_ENABLE_OBJC_ARC = YES;
				CLANG_WARN_BOOL_CONVERSION = YES;
				CLANG_WARN_CONSTANT_CONVERSION = YES;
				CLANG_WARN_DIRECT_OBJC_ISA_USAGE = YES_ERROR;
				CLANG_WARN_EMPTY_BODY = YES;
				CLANG_WARN_ENUM_CONVERSION = YES;
				CLANG_WARN_INT_CONVERSION = YES;
				CLANG_WARN_OBJC_ROOT_CLASS = YES_ERROR;
				CLANG_WARN__DUPLICATE_METHOD_MATCH = YES;
				"CODE_SIGN_IDENTITY[sdk=iphoneos*]" = "iPhone Developer";
				COPY_PHASE_STRIP = YES;
				ENABLE_NS_ASSERTIONS = NO;
				GCC_C_LANGUAGE_STANDARD = gnu99;
				GCC_WARN_64_TO_32_BIT_CONVERSION = YES;
				GCC_WARN_ABOUT_RETURN_TYPE = YES_ERROR;
				GCC_WARN_UNDECLARED_SELECTOR = YES;
				GCC_WARN_UNINITIALIZED_AUTOS = YES_AGGRESSIVE;
				GCC_WARN_UNUSED_FUNCTION = YES;
				GCC_WARN_UNUSED_VARIABLE = YES;
				IPHONEOS_DEPLOYMENT_TARGET = 7.1;
				SDKROOT = iphoneos;
				VALIDATE_PRODUCT = YES;
			};
			name = Release;
		};
		65C5C49618F9BF050002D569 /* Debug */ = {
			isa = XCBuildConfiguration;
			buildSettings = {
				ASSETCATALOG_COMPILER_APPICON_NAME = AppIcon;
				ASSETCATALOG_COMPILER_LAUNCHIMAGE_NAME = LaunchImage;
				GCC_PRECOMPILE_PREFIX_HEADER = YES;
				GCC_PREFIX_HEADER = "gaportfolio/gaportfolio-Prefix.pch";
				INFOPLIST_FILE = "gaportfolio/gaportfolio-Info.plist";
				PRODUCT_NAME = "$(TARGET_NAME)";
				WRAPPER_EXTENSION = app;
			};
			name = Debug;
		};
		65C5C49718F9BF050002D569 /* Release */ = {
			isa = XCBuildConfiguration;
			buildSettings = {
				ASSETCATALOG_COMPILER_APPICON_NAME = AppIcon;
				ASSETCATALOG_COMPILER_LAUNCHIMAGE_NAME = LaunchImage;
				GCC_PRECOMPILE_PREFIX_HEADER = YES;
				GCC_PREFIX_HEADER = "gaportfolio/gaportfolio-Prefix.pch";
				INFOPLIST_FILE = "gaportfolio/gaportfolio-Info.plist";
				PRODUCT_NAME = "$(TARGET_NAME)";
				WRAPPER_EXTENSION = app;
			};
			name = Release;
		};
		65C5C49918F9BF050002D569 /* Debug */ = {
			isa = XCBuildConfiguration;
			buildSettings = {
				BUNDLE_LOADER = "$(BUILT_PRODUCTS_DIR)/gaportfolio.app/gaportfolio";
				FRAMEWORK_SEARCH_PATHS = (
					"$(SDKROOT)/Developer/Library/Frameworks",
					"$(inherited)",
					"$(DEVELOPER_FRAMEWORKS_DIR)",
				);
				GCC_PRECOMPILE_PREFIX_HEADER = YES;
				GCC_PREFIX_HEADER = "gaportfolio/gaportfolio-Prefix.pch";
				GCC_PREPROCESSOR_DEFINITIONS = (
					"DEBUG=1",
					"$(inherited)",
				);
				INFOPLIST_FILE = "gaportfolioTests/gaportfolioTests-Info.plist";
				PRODUCT_NAME = "$(TARGET_NAME)";
				TEST_HOST = "$(BUNDLE_LOADER)";
				WRAPPER_EXTENSION = xctest;
			};
			name = Debug;
		};
		65C5C49A18F9BF050002D569 /* Release */ = {
			isa = XCBuildConfiguration;
			buildSettings = {
				BUNDLE_LOADER = "$(BUILT_PRODUCTS_DIR)/gaportfolio.app/gaportfolio";
				FRAMEWORK_SEARCH_PATHS = (
					"$(SDKROOT)/Developer/Library/Frameworks",
					"$(inherited)",
					"$(DEVELOPER_FRAMEWORKS_DIR)",
				);
				GCC_PRECOMPILE_PREFIX_HEADER = YES;
				GCC_PREFIX_HEADER = "gaportfolio/gaportfolio-Prefix.pch";
				INFOPLIST_FILE = "gaportfolioTests/gaportfolioTests-Info.plist";
				PRODUCT_NAME = "$(TARGET_NAME)";
				TEST_HOST = "$(BUNDLE_LOADER)";
				WRAPPER_EXTENSION = xctest;
			};
			name = Release;
		};
/* End XCBuildConfiguration section */

/* Begin XCConfigurationList section */
		65C5C45E18F9BF050002D569 /* Build configuration list for PBXProject "gaportfolio" */ = {
			isa = XCConfigurationList;
			buildConfigurations = (
				65C5C49318F9BF050002D569 /* Debug */,
				65C5C49418F9BF050002D569 /* Release */,
			);
			defaultConfigurationIsVisible = 0;
			defaultConfigurationName = Release;
		};
		65C5C49518F9BF050002D569 /* Build configuration list for PBXNativeTarget "gaportfolio" */ = {
			isa = XCConfigurationList;
			buildConfigurations = (
				65C5C49618F9BF050002D569 /* Debug */,
				65C5C49718F9BF050002D569 /* Release */,
			);
			defaultConfigurationIsVisible = 0;
			defaultConfigurationName = Release;
		};
		65C5C49818F9BF050002D569 /* Build configuration list for PBXNativeTarget "gaportfolioTests" */ = {
			isa = XCConfigurationList;
			buildConfigurations = (
				65C5C49918F9BF050002D569 /* Debug */,
				65C5C49A18F9BF050002D569 /* Release */,
			);
			defaultConfigurationIsVisible = 0;
			defaultConfigurationName = Release;
		};
/* End XCConfigurationList section */
	};
	rootObject = 65C5C45B18F9BF050002D569 /* Project object */;
}
